
Microsoft Visual Studio Solution File, Format Version 12.00
# Visual Studio 15
Project("{FAE04EC0-301F-11D3-BF4B-00C04F79EFBC}") = "browser", "Assembly-CSharp.csproj", "{D4780CE1-E009-979D-EE0E-35415B18B615}"
EndProject
Project("{FAE04EC0-301F-11D3-BF4B-00C04F79EFBC}") = "browser", "Assembly-CSharp-Editor.csproj", "{B7DBBB0F-D7EE-37FF-DDD2-590A3F596546}"
EndProject
Global
	GlobalSection(SolutionConfigurationPlatforms) = preSolution
		Debug|Any CPU = Debug|Any CPU
		Release|Any CPU = Release|Any CPU
	EndGlobalSection
	GlobalSection(ProjectConfigurationPlatforms) = postSolution
		{D4780CE1-E009-979D-EE0E-35415B18B615}.Debug|Any CPU.ActiveCfg = Debug|Any CPU
		{D4780CE1-E009-979D-EE0E-35415B18B615}.Debug|Any CPU.Build.0 = Debug|Any CPU
		{D4780CE1-E009-979D-EE0E-35415B18B615}.Release|Any CPU.ActiveCfg = Release|Any CPU
		{D4780CE1-E009-979D-EE0E-35415B18B615}.Release|Any CPU.Build.0 = Release|Any CPU
		{B7DBBB0F-D7EE-37FF-DDD2-590A3F596546}.Debug|Any CPU.ActiveCfg = Debug|Any CPU
		{B7DBBB0F-D7EE-37FF-DDD2-590A3F596546}.Debug|Any CPU.Build.0 = Debug|Any CPU
		{B7DBBB0F-D7EE-37FF-DDD2-590A3F596546}.Release|Any CPU.ActiveCfg = Release|Any CPU
		{B7DBBB0F-D7EE-37FF-DDD2-590A3F596546}.Release|Any CPU.Build.0 = Release|Any CPU
	EndGlobalSection
	GlobalSection(SolutionProperties) = preSolution
		HideSolutionNode = FALSE
	EndGlobalSection
EndGlobal
